
Microsoft Visual Studio Solution File, Format Version 12.00
# Visual Studio 15
VisualStudioVersion = 15.0.28010.2026
MinimumVisualStudioVersion = 10.0.40219.1
Project("{FAE04EC0-301F-11D3-BF4B-00C04F79EFBC}") = "StaffListingsAPI", "StaffListingsAPI\StaffListingsAPI.csproj", "{845672A0-5EA7-432F-9FFE-611CCA95F970}"
EndProject
Global
	GlobalSection(SolutionConfigurationPlatforms) = preSolution
		Debug|Any CPU = Debug|Any CPU
		Release|Any CPU = Release|Any CPU
	EndGlobalSection
	GlobalSection(ProjectConfigurationPlatforms) = postSolution
		{845672A0-5EA7-432F-9FFE-611CCA95F970}.Debug|Any CPU.ActiveCfg = Debug|Any CPU
		{845672A0-5EA7-432F-9FFE-611CCA95F970}.Debug|Any CPU.Build.0 = Debug|Any CPU
		{845672A0-5EA7-432F-9FFE-611CCA95F970}.Release|Any CPU.ActiveCfg = Release|Any CPU
		{845672A0-5EA7-432F-9FFE-611CCA95F970}.Release|Any CPU.Build.0 = Release|Any CPU
	EndGlobalSection
	GlobalSection(SolutionProperties) = preSolution
		HideSolutionNode = FALSE
	EndGlobalSection
	GlobalSection(ExtensibilityGlobals) = postSolution
		SolutionGuid = {2126895B-894B-4B32-BE96-13508E3C68E2}
	EndGlobalSection
EndGlobal
